
Microsoft Visual Studio Solution File, Format Version 12.00
Project("{FAE04EC0-301F-11D3-BF4B-00C04F79EFBC}") = "ToolManager", "ToolManager\ToolManager.csproj", "{E3128853-3AD9-4781-8646-AF16DF4509F9}"
EndProject
Project("{FAE04EC0-301F-11D3-BF4B-00C04F79EFBC}") = "ToolManagerIntegrationTest", "ToolManagerIntegrationTest\ToolManagerIntegrationTest.csproj", "{9C8C18C8-B2E5-443C-9A9B-C7FE2839C450}"
EndProject
Global
	GlobalSection(SolutionConfigurationPlatforms) = preSolution
		Debug|Any CPU = Debug|Any CPU
		Release|Any CPU = Release|Any CPU
	EndGlobalSection
	GlobalSection(ProjectConfigurationPlatforms) = postSolution
		{E3128853-3AD9-4781-8646-AF16DF4509F9}.Debug|Any CPU.ActiveCfg = Debug|Any CPU
		{E3128853-3AD9-4781-8646-AF16DF4509F9}.Debug|Any CPU.Build.0 = Debug|Any CPU
		{E3128853-3AD9-4781-8646-AF16DF4509F9}.Release|Any CPU.ActiveCfg = Release|Any CPU
		{E3128853-3AD9-4781-8646-AF16DF4509F9}.Release|Any CPU.Build.0 = Release|Any CPU
		{9C8C18C8-B2E5-443C-9A9B-C7FE2839C450}.Debug|Any CPU.ActiveCfg = Debug|Any CPU
		{9C8C18C8-B2E5-443C-9A9B-C7FE2839C450}.Debug|Any CPU.Build.0 = Debug|Any CPU
		{9C8C18C8-B2E5-443C-9A9B-C7FE2839C450}.Release|Any CPU.ActiveCfg = Release|Any CPU
		{9C8C18C8-B2E5-443C-9A9B-C7FE2839C450}.Release|Any CPU.Build.0 = Release|Any CPU
	EndGlobalSection
EndGlobal
